
Microsoft Visual Studio Solution File, Format Version 12.00
# Visual Studio 2012
Project("{FAE04EC0-301F-11D3-BF4B-00C04F79EFBC}") = "SuitOfArmor", "SuitOfArmor\SuitOfArmor.csproj", "{F2D500EB-4E3B-4B10-B206-681436AB2552}"
EndProject
Project("{FAE04EC0-301F-11D3-BF4B-00C04F79EFBC}") = "TestProject", "TestProject\TestProject.csproj", "{3BB04DD2-51EF-4EEF-9173-C06C64FC2058}"
EndProject
Project("{FAE04EC0-301F-11D3-BF4B-00C04F79EFBC}") = "TestWebApp", "TestWebApp\TestWebApp.csproj", "{4CC8802A-628B-4E1F-9D18-B96916810973}"
EndProject
Global
	GlobalSection(SolutionConfigurationPlatforms) = preSolution
		Debug|Any CPU = Debug|Any CPU
		Release|Any CPU = Release|Any CPU
	EndGlobalSection
	GlobalSection(ProjectConfigurationPlatforms) = postSolution
		{F2D500EB-4E3B-4B10-B206-681436AB2552}.Debug|Any CPU.ActiveCfg = Debug|Any CPU
		{F2D500EB-4E3B-4B10-B206-681436AB2552}.Debug|Any CPU.Build.0 = Debug|Any CPU
		{F2D500EB-4E3B-4B10-B206-681436AB2552}.Release|Any CPU.ActiveCfg = Release|Any CPU
		{F2D500EB-4E3B-4B10-B206-681436AB2552}.Release|Any CPU.Build.0 = Release|Any CPU
		{3BB04DD2-51EF-4EEF-9173-C06C64FC2058}.Debug|Any CPU.ActiveCfg = Debug|Any CPU
		{3BB04DD2-51EF-4EEF-9173-C06C64FC2058}.Debug|Any CPU.Build.0 = Debug|Any CPU
		{3BB04DD2-51EF-4EEF-9173-C06C64FC2058}.Release|Any CPU.ActiveCfg = Release|Any CPU
		{3BB04DD2-51EF-4EEF-9173-C06C64FC2058}.Release|Any CPU.Build.0 = Release|Any CPU
		{4CC8802A-628B-4E1F-9D18-B96916810973}.Debug|Any CPU.ActiveCfg = Debug|Any CPU
		{4CC8802A-628B-4E1F-9D18-B96916810973}.Debug|Any CPU.Build.0 = Debug|Any CPU
		{4CC8802A-628B-4E1F-9D18-B96916810973}.Release|Any CPU.ActiveCfg = Release|Any CPU
		{4CC8802A-628B-4E1F-9D18-B96916810973}.Release|Any CPU.Build.0 = Release|Any CPU
	EndGlobalSection
EndGlobal
